
Microsoft Visual Studio Solution File, Format Version 12.00
# Visual Studio Version 16
VisualStudioVersion = 16.0.29613.14
MinimumVisualStudioVersion = 10.0.40219.1
Project("{FAE04EC0-301F-11D3-BF4B-00C04F79EFBC}") = "MiniMarket", "MiniMarket\MiniMarket.csproj", "{2D02A081-0EA9-434C-B0D6-BEE9DAEA0C92}"
EndProject
Global
	GlobalSection(SolutionConfigurationPlatforms) = preSolution
		Debug|Any CPU = Debug|Any CPU
		Release|Any CPU = Release|Any CPU
	EndGlobalSection
	GlobalSection(ProjectConfigurationPlatforms) = postSolution
		{2D02A081-0EA9-434C-B0D6-BEE9DAEA0C92}.Debug|Any CPU.ActiveCfg = Debug|Any CPU
		{2D02A081-0EA9-434C-B0D6-BEE9DAEA0C92}.Debug|Any CPU.Build.0 = Debug|Any CPU
		{2D02A081-0EA9-434C-B0D6-BEE9DAEA0C92}.Release|Any CPU.ActiveCfg = Release|Any CPU
		{2D02A081-0EA9-434C-B0D6-BEE9DAEA0C92}.Release|Any CPU.Build.0 = Release|Any CPU
	EndGlobalSection
	GlobalSection(SolutionProperties) = preSolution
		HideSolutionNode = FALSE
	EndGlobalSection
	GlobalSection(ExtensibilityGlobals) = postSolution
		SolutionGuid = {84F10E9E-6C72-4F81-B51A-301C7E4D6DB9}
	EndGlobalSection
EndGlobal
